
Microsoft Visual Studio Solution File, Format Version 12.00
# Visual Studio Version 16
VisualStudioVersion = 16.0.29306.81
MinimumVisualStudioVersion = 10.0.40219.1
Project("{FAE04EC0-301F-11D3-BF4B-00C04F79EFBC}") = "sep10_fall_class", "sep10_fall_class\sep10_fall_class.csproj", "{13CA1F93-00DC-4A5F-AB98-F24E5B78FB06}"
EndProject
Global
	GlobalSection(SolutionConfigurationPlatforms) = preSolution
		Debug|Any CPU = Debug|Any CPU
		Release|Any CPU = Release|Any CPU
	EndGlobalSection
	GlobalSection(ProjectConfigurationPlatforms) = postSolution
		{13CA1F93-00DC-4A5F-AB98-F24E5B78FB06}.Debug|Any CPU.ActiveCfg = Debug|Any CPU
		{13CA1F93-00DC-4A5F-AB98-F24E5B78FB06}.Debug|Any CPU.Build.0 = Debug|Any CPU
		{13CA1F93-00DC-4A5F-AB98-F24E5B78FB06}.Release|Any CPU.ActiveCfg = Release|Any CPU
		{13CA1F93-00DC-4A5F-AB98-F24E5B78FB06}.Release|Any CPU.Build.0 = Release|Any CPU
	EndGlobalSection
	GlobalSection(SolutionProperties) = preSolution
		HideSolutionNode = FALSE
	EndGlobalSection
	GlobalSection(ExtensibilityGlobals) = postSolution
		SolutionGuid = {9FDDD1A2-F80A-4F6F-95D0-6EEBF23AFB8D}
	EndGlobalSection
EndGlobal
